
Microsoft Visual Studio Solution File, Format Version 12.00
# Visual Studio 14
VisualStudioVersion = 14.0.24720.0
MinimumVisualStudioVersion = 10.0.40219.1
Project("{FAE04EC0-301F-11D3-BF4B-00C04F79EFBC}") = "B2C", "B2C\B2C.csproj", "{E96DC7CC-67F9-4D12-A9C9-B18236F1E9F5}"
EndProject
Project("{2150E333-8FDC-42A3-9474-1A3956D46DE8}") = "1 Presentation", "1 Presentation", "{9DFCE320-01C5-4BF3-89D4-11C03764B52D}"
EndProject
Project("{2150E333-8FDC-42A3-9474-1A3956D46DE8}") = "Web", "Web", "{3CA48E64-012E-4C4C-927B-02CFF848C5BC}"
EndProject
Project("{2150E333-8FDC-42A3-9474-1A3956D46DE8}") = "2 Business", "2 Business", "{7845E860-493B-40DF-9688-5A51B555F17C}"
EndProject
Project("{2150E333-8FDC-42A3-9474-1A3956D46DE8}") = "4 Infrastructure", "4 Infrastructure", "{93F777DC-8C2A-459F-A306-E311BBCC872D}"
EndProject
Project("{2150E333-8FDC-42A3-9474-1A3956D46DE8}") = "4.2 Cross Cutting", "4.2 Cross Cutting", "{081A513A-BA63-4EDA-A7AE-D6D634D0FE78}"
EndProject
Project("{FAE04EC0-301F-11D3-BF4B-00C04F79EFBC}") = "PICA_B2C.Business.MainModule.Entities", "PICA_B2C.Business.MainModule.Entities\PICA_B2C.Business.MainModule.Entities.csproj", "{8B07D3DC-2542-42D1-A3AD-0A7D6635FEB8}"
EndProject
Project("{FAE04EC0-301F-11D3-BF4B-00C04F79EFBC}") = "PICA_B2C.Infrastructure.CrossCutting.Core", "PICA_B2C.Infrastructure.CrossCutting.Core\PICA_B2C.Infrastructure.CrossCutting.Core.csproj", "{2EF26DBA-B2B1-408F-813E-578370B903D1}"
EndProject
Project("{FAE04EC0-301F-11D3-BF4B-00C04F79EFBC}") = "PICA_B2C.Business.MainModule", "PICA_B2C.Business.MainModule\PICA_B2C.Business.MainModule.csproj", "{02AF2A8C-4E00-48C3-8B92-750873F686A4}"
EndProject
Project("{2150E333-8FDC-42A3-9474-1A3956D46DE8}") = "3 Service Agent", "3 Service Agent", "{5FC46390-F15E-46DC-9FCB-0E90639FB5EE}"
EndProject
Project("{FAE04EC0-301F-11D3-BF4B-00C04F79EFBC}") = "PICA_B2C.Infrastructure.CrossCutting.IoC", "PICA_B2C.Infrastructure.CrossCutting.Core.IoC\PICA_B2C.Infrastructure.CrossCutting.IoC.csproj", "{13953B20-2335-4513-A457-26A0E23F69E2}"
EndProject
Project("{FAE04EC0-301F-11D3-BF4B-00C04F79EFBC}") = "PICA_B2C.ServiceAgent.MainModule", "PICA_B2C.ServiceAgent.MainModule\PICA_B2C.ServiceAgent.MainModule.csproj", "{FAC65432-62FC-4953-A312-CC80F04BFF96}"
EndProject
Project("{2150E333-8FDC-42A3-9474-1A3956D46DE8}") = "3 Data Persistence", "3 Data Persistence", "{088315B5-9176-47A2-949D-C1276C9DFAB1}"
EndProject
Project("{FAE04EC0-301F-11D3-BF4B-00C04F79EFBC}") = "PICA_B2C.DataPersistence.MainModule", "PICA_B2C.DataPersistence.MainModule\PICA_B2C.DataPersistence.MainModule.csproj", "{C48C47D0-91CF-4C41-8470-10109049961D}"
EndProject
Global
	GlobalSection(SolutionConfigurationPlatforms) = preSolution
		Debug|Any CPU = Debug|Any CPU
		Release|Any CPU = Release|Any CPU
	EndGlobalSection
	GlobalSection(ProjectConfigurationPlatforms) = postSolution
		{E96DC7CC-67F9-4D12-A9C9-B18236F1E9F5}.Debug|Any CPU.ActiveCfg = Debug|Any CPU
		{E96DC7CC-67F9-4D12-A9C9-B18236F1E9F5}.Debug|Any CPU.Build.0 = Debug|Any CPU
		{E96DC7CC-67F9-4D12-A9C9-B18236F1E9F5}.Release|Any CPU.ActiveCfg = Release|Any CPU
		{E96DC7CC-67F9-4D12-A9C9-B18236F1E9F5}.Release|Any CPU.Build.0 = Release|Any CPU
		{8B07D3DC-2542-42D1-A3AD-0A7D6635FEB8}.Debug|Any CPU.ActiveCfg = Debug|Any CPU
		{8B07D3DC-2542-42D1-A3AD-0A7D6635FEB8}.Debug|Any CPU.Build.0 = Debug|Any CPU
		{8B07D3DC-2542-42D1-A3AD-0A7D6635FEB8}.Release|Any CPU.ActiveCfg = Release|Any CPU
		{8B07D3DC-2542-42D1-A3AD-0A7D6635FEB8}.Release|Any CPU.Build.0 = Release|Any CPU
		{2EF26DBA-B2B1-408F-813E-578370B903D1}.Debug|Any CPU.ActiveCfg = Debug|Any CPU
		{2EF26DBA-B2B1-408F-813E-578370B903D1}.Debug|Any CPU.Build.0 = Debug|Any CPU
		{2EF26DBA-B2B1-408F-813E-578370B903D1}.Release|Any CPU.ActiveCfg = Release|Any CPU
		{2EF26DBA-B2B1-408F-813E-578370B903D1}.Release|Any CPU.Build.0 = Release|Any CPU
		{02AF2A8C-4E00-48C3-8B92-750873F686A4}.Debug|Any CPU.ActiveCfg = Debug|Any CPU
		{02AF2A8C-4E00-48C3-8B92-750873F686A4}.Debug|Any CPU.Build.0 = Debug|Any CPU
		{02AF2A8C-4E00-48C3-8B92-750873F686A4}.Release|Any CPU.ActiveCfg = Release|Any CPU
		{02AF2A8C-4E00-48C3-8B92-750873F686A4}.Release|Any CPU.Build.0 = Release|Any CPU
		{13953B20-2335-4513-A457-26A0E23F69E2}.Debug|Any CPU.ActiveCfg = Debug|Any CPU
		{13953B20-2335-4513-A457-26A0E23F69E2}.Debug|Any CPU.Build.0 = Debug|Any CPU
		{13953B20-2335-4513-A457-26A0E23F69E2}.Release|Any CPU.ActiveCfg = Release|Any CPU
		{13953B20-2335-4513-A457-26A0E23F69E2}.Release|Any CPU.Build.0 = Release|Any CPU
		{FAC65432-62FC-4953-A312-CC80F04BFF96}.Debug|Any CPU.ActiveCfg = Debug|Any CPU
		{FAC65432-62FC-4953-A312-CC80F04BFF96}.Debug|Any CPU.Build.0 = Debug|Any CPU
		{FAC65432-62FC-4953-A312-CC80F04BFF96}.Release|Any CPU.ActiveCfg = Release|Any CPU
		{FAC65432-62FC-4953-A312-CC80F04BFF96}.Release|Any CPU.Build.0 = Release|Any CPU
		{C48C47D0-91CF-4C41-8470-10109049961D}.Debug|Any CPU.ActiveCfg = Debug|Any CPU
		{C48C47D0-91CF-4C41-8470-10109049961D}.Debug|Any CPU.Build.0 = Debug|Any CPU
		{C48C47D0-91CF-4C41-8470-10109049961D}.Release|Any CPU.ActiveCfg = Release|Any CPU
		{C48C47D0-91CF-4C41-8470-10109049961D}.Release|Any CPU.Build.0 = Release|Any CPU
	EndGlobalSection
	GlobalSection(SolutionProperties) = preSolution
		HideSolutionNode = FALSE
	EndGlobalSection
	GlobalSection(NestedProjects) = preSolution
		{E96DC7CC-67F9-4D12-A9C9-B18236F1E9F5} = {3CA48E64-012E-4C4C-927B-02CFF848C5BC}
		{3CA48E64-012E-4C4C-927B-02CFF848C5BC} = {9DFCE320-01C5-4BF3-89D4-11C03764B52D}
		{081A513A-BA63-4EDA-A7AE-D6D634D0FE78} = {93F777DC-8C2A-459F-A306-E311BBCC872D}
		{8B07D3DC-2542-42D1-A3AD-0A7D6635FEB8} = {7845E860-493B-40DF-9688-5A51B555F17C}
		{2EF26DBA-B2B1-408F-813E-578370B903D1} = {081A513A-BA63-4EDA-A7AE-D6D634D0FE78}
		{02AF2A8C-4E00-48C3-8B92-750873F686A4} = {7845E860-493B-40DF-9688-5A51B555F17C}
		{13953B20-2335-4513-A457-26A0E23F69E2} = {081A513A-BA63-4EDA-A7AE-D6D634D0FE78}
		{FAC65432-62FC-4953-A312-CC80F04BFF96} = {5FC46390-F15E-46DC-9FCB-0E90639FB5EE}
		{C48C47D0-91CF-4C41-8470-10109049961D} = {088315B5-9176-47A2-949D-C1276C9DFAB1}
	EndGlobalSection
EndGlobal
